{
    "_readme": [
        "This file locks the dependencies of your project to a known state",
        "Read more about it at https://getcomposer.org/doc/01-basic-usage.md#installing-dependencies",
        "This file is @generated automatically"
    ],
    "content-hash": "27e22a74001b6e83e18cf1e57d2c7923",
    "packages": [],
    "packages-dev": [],
    "aliases": [],
    "minimum-stability": "stable",
    "stability-flags": [],
    "prefer-stable": false,
    "prefer-lowest": false,
    "platform": {
        "ext-apcu": "^5.1",
        "ext-zend-opcache": "^7.1",
        "php": "^7.1",
        "ext-memcached": "^3.0",
        "ext-redis": "*"
    },
    "platform-dev": []
}
